
Microsoft Visual Studio Solution File, Format Version 12.00
# Visual Studio 15
Project("{FAE04EC0-301F-11D3-BF4B-00C04F79EFBC}") = "Unity.Timeline", "Unity.Timeline.csproj", "{9360715A-9953-B099-D3D9-4270E2E46A04}"
EndProject
Project("{FAE04EC0-301F-11D3-BF4B-00C04F79EFBC}") = "Unity.PlasticSCM.Editor", "Unity.PlasticSCM.Editor.csproj", "{888EFA30-4678-16D8-EA8A-11CAB8F51524}"
EndProject
Project("{FAE04EC0-301F-11D3-BF4B-00C04F79EFBC}") = "Unity.InputSystem", "Unity.InputSystem.csproj", "{5085CA6D-F322-89E3-0CE9-6E233C1C2664}"
EndProject
Project("{FAE04EC0-301F-11D3-BF4B-00C04F79EFBC}") = "Unity.VisualScripting.Flow", "Unity.VisualScripting.Flow.csproj", "{CC891A20-92B7-ADDC-4CE7-74795ED885FB}"
EndProject
Project("{FAE04EC0-301F-11D3-BF4B-00C04F79EFBC}") = "Unity.Timeline.Editor", "Unity.Timeline.Editor.csproj", "{3D7DC855-C0C3-E1F9-FEEB-F6C553DB96BC}"
EndProject
Project("{FAE04EC0-301F-11D3-BF4B-00C04F79EFBC}") = "Unity.Multiplayer.Center.Editor", "Unity.Multiplayer.Center.Editor.csproj", "{1539888D-25CA-ADEE-D225-F23E47834AC3}"
EndProject
Project("{FAE04EC0-301F-11D3-BF4B-00C04F79EFBC}") = "Unity.VisualScripting.Core.Editor", "Unity.VisualScripting.Core.Editor.csproj", "{3951772F-6BD9-0738-B6E8-3CDDD83A2C2A}"
EndProject
Project("{FAE04EC0-301F-11D3-BF4B-00C04F79EFBC}") = "UnityEngine.UI", "UnityEngine.UI.csproj", "{1C581A2D-7801-E387-F8F4-3469CF0204FC}"
EndProject
Project("{FAE04EC0-301F-11D3-BF4B-00C04F79EFBC}") = "UnityEditor.TestRunner", "UnityEditor.TestRunner.csproj", "{0CDA9E81-A340-5175-AB76-743247A181D5}"
EndProject
Project("{FAE04EC0-301F-11D3-BF4B-00C04F79EFBC}") = "UnityEngine.TestRunner", "UnityEngine.TestRunner.csproj", "{BBD795EB-47F7-61B6-CA89-2A540BC214DA}"
EndProject
Project("{FAE04EC0-301F-11D3-BF4B-00C04F79EFBC}") = "Unity.VisualScripting.Core", "Unity.VisualScripting.Core.csproj", "{A08FDDD5-0DFF-33FA-506B-66E3876C1BA1}"
EndProject
Project("{FAE04EC0-301F-11D3-BF4B-00C04F79EFBC}") = "Unity.VisualScripting.Flow.Editor", "Unity.VisualScripting.Flow.Editor.csproj", "{79D4B177-B59F-4FB9-38D8-B61C56A697CE}"
EndProject
Project("{FAE04EC0-301F-11D3-BF4B-00C04F79EFBC}") = "Unity.AI.Navigation.Editor", "Unity.AI.Navigation.Editor.csproj", "{E88F647D-2FC7-FDA7-4433-0B6B6615B3F4}"
EndProject
Project("{FAE04EC0-301F-11D3-BF4B-00C04F79EFBC}") = "Unity.VisualStudio.Editor", "Unity.VisualStudio.Editor.csproj", "{6FBF8275-1F93-0BE5-EF48-2184CE5752ED}"
EndProject
Project("{FAE04EC0-301F-11D3-BF4B-00C04F79EFBC}") = "Unity.TextMeshPro.Editor", "Unity.TextMeshPro.Editor.csproj", "{47897653-4654-E5D9-7C58-39163904484C}"
EndProject
Project("{FAE04EC0-301F-11D3-BF4B-00C04F79EFBC}") = "Unity.Rider.Editor", "Unity.Rider.Editor.csproj", "{D3F3E581-3DA4-5E38-D156-510228450175}"
EndProject
Project("{FAE04EC0-301F-11D3-BF4B-00C04F79EFBC}") = "Assembly-CSharp", "Assembly-CSharp.csproj", "{0AB39ACD-2EE6-E15C-4D2B-642E1651D37D}"
EndProject
Project("{FAE04EC0-301F-11D3-BF4B-00C04F79EFBC}") = "Unity.CollabProxy.Editor", "Unity.CollabProxy.Editor.csproj", "{E35033D9-6692-8052-D8EF-0209E3706AB9}"
EndProject
Project("{FAE04EC0-301F-11D3-BF4B-00C04F79EFBC}") = "Unity.AI.Navigation.Editor.ConversionSystem", "Unity.AI.Navigation.Editor.ConversionSystem.csproj", "{DFE478BC-52EE-6051-8037-8EF89CC6C1C1}"
EndProject
Project("{FAE04EC0-301F-11D3-BF4B-00C04F79EFBC}") = "Unity.VisualScripting.State.Editor", "Unity.VisualScripting.State.Editor.csproj", "{24C54AF0-A3EE-8CA3-0BAC-6078AE7D9B8D}"
EndProject
Project("{FAE04EC0-301F-11D3-BF4B-00C04F79EFBC}") = "Unity.Postprocessing.Runtime", "Unity.Postprocessing.Runtime.csproj", "{32F00A04-5780-2957-8AC9-36DF41682A05}"
EndProject
Project("{FAE04EC0-301F-11D3-BF4B-00C04F79EFBC}") = "Unity.Postprocessing.Editor", "Unity.Postprocessing.Editor.csproj", "{87E15F9C-1FF6-46F6-000F-EBC082A52568}"
EndProject
Project("{FAE04EC0-301F-11D3-BF4B-00C04F79EFBC}") = "Unity.AI.Navigation", "Unity.AI.Navigation.csproj", "{7384E9CC-1B2A-0A29-52FC-B475CC978456}"
EndProject
Project("{FAE04EC0-301F-11D3-BF4B-00C04F79EFBC}") = "Unity.VisualScripting.State", "Unity.VisualScripting.State.csproj", "{219B7232-22CD-B83B-DF93-B46FD8331FB3}"
EndProject
Project("{FAE04EC0-301F-11D3-BF4B-00C04F79EFBC}") = "UnityEditor.UI", "UnityEditor.UI.csproj", "{C17FC652-207E-844E-5E79-757C30B3BA5F}"
EndProject
Project("{FAE04EC0-301F-11D3-BF4B-00C04F79EFBC}") = "Unity.TextMeshPro", "Unity.TextMeshPro.csproj", "{B61396E0-0D6A-2E80-CA75-B82915315D9A}"
EndProject
Project("{FAE04EC0-301F-11D3-BF4B-00C04F79EFBC}") = "Unity.VisualScripting.SettingsProvider.Editor", "Unity.VisualScripting.SettingsProvider.Editor.csproj", "{4EC3605E-715F-88CE-815C-F9F38ED08D4A}"
EndProject
Project("{FAE04EC0-301F-11D3-BF4B-00C04F79EFBC}") = "Unity.AI.Navigation.Updater", "Unity.AI.Navigation.Updater.csproj", "{6F368996-A693-379D-18A1-55BA88391F00}"
EndProject
Project("{FAE04EC0-301F-11D3-BF4B-00C04F79EFBC}") = "GoogleMobileAds.Editor", "GoogleMobileAds.Editor.csproj", "{DBD22F86-146D-8FAD-45B9-4FEB2365A784}"
EndProject
Project("{FAE04EC0-301F-11D3-BF4B-00C04F79EFBC}") = "Unity.2D.Sprite.Editor", "Unity.2D.Sprite.Editor.csproj", "{45AE2FD0-051D-CBC8-8308-4556382FBCA2}"
EndProject
Project("{FAE04EC0-301F-11D3-BF4B-00C04F79EFBC}") = "Unity.Multiplayer.Center.Common", "Unity.Multiplayer.Center.Common.csproj", "{8B9931E2-561F-60BD-C686-DFBC690607ED}"
EndProject
Project("{FAE04EC0-301F-11D3-BF4B-00C04F79EFBC}") = "Unity.InputSystem.ForUI", "Unity.InputSystem.ForUI.csproj", "{56B3FE9C-AC06-EF0C-77DB-AA64D5454E03}"
EndProject
Project("{FAE04EC0-301F-11D3-BF4B-00C04F79EFBC}") = "Unity.InputSystem.TestFramework", "Unity.InputSystem.TestFramework.csproj", "{89D84827-F69C-F546-DFEB-86F5B78C199B}"
EndProject
Project("{FAE04EC0-301F-11D3-BF4B-00C04F79EFBC}") = "Unity.VisualScripting.Shared.Editor", "Unity.VisualScripting.Shared.Editor.csproj", "{950AAA05-8E14-C28D-4B90-8D49659BC1C1}"
EndProject
Project("{FAE04EC0-301F-11D3-BF4B-00C04F79EFBC}") = "Unity.Timeline", "Unity.Timeline.Player.csproj", "{D06EE09F-6942-83A5-AAF1-0FC4615EE01D}"
EndProject
Project("{FAE04EC0-301F-11D3-BF4B-00C04F79EFBC}") = "Unity.InputSystem", "Unity.InputSystem.Player.csproj", "{90E7389B-5CA2-7A37-91CE-1939978438A9}"
EndProject
Project("{FAE04EC0-301F-11D3-BF4B-00C04F79EFBC}") = "Unity.VisualScripting.Flow", "Unity.VisualScripting.Flow.Player.csproj", "{9B4DA6FB-B926-D9CD-DC61-8C4CE5C4EF50}"
EndProject
Project("{FAE04EC0-301F-11D3-BF4B-00C04F79EFBC}") = "UnityEngine.UI", "UnityEngine.UI.Player.csproj", "{958654D6-6AE4-62F5-27FD-D1D40F6ED44D}"
EndProject
Project("{FAE04EC0-301F-11D3-BF4B-00C04F79EFBC}") = "UnityEngine.TestRunner", "UnityEngine.TestRunner.Player.csproj", "{6B4FB0A8-C114-FC81-0F2F-754AF15947D4}"
EndProject
Project("{FAE04EC0-301F-11D3-BF4B-00C04F79EFBC}") = "Unity.VisualScripting.Core", "Unity.VisualScripting.Core.Player.csproj", "{A0510E19-3EF1-95BF-2C24-6E77826833EF}"
EndProject
Project("{FAE04EC0-301F-11D3-BF4B-00C04F79EFBC}") = "Assembly-CSharp", "Assembly-CSharp.Player.csproj", "{33394CA4-7EB9-B1BD-40F4-28B4F8FE687F}"
EndProject
Project("{FAE04EC0-301F-11D3-BF4B-00C04F79EFBC}") = "Unity.Postprocessing.Runtime", "Unity.Postprocessing.Runtime.Player.csproj", "{E854E44C-6F21-189B-035A-4E9CDE6356A0}"
EndProject
Project("{FAE04EC0-301F-11D3-BF4B-00C04F79EFBC}") = "Unity.AI.Navigation", "Unity.AI.Navigation.Player.csproj", "{39129215-990B-8C59-E7C7-C55BDE8A38D9}"
EndProject
Project("{FAE04EC0-301F-11D3-BF4B-00C04F79EFBC}") = "Unity.VisualScripting.State", "Unity.VisualScripting.State.Player.csproj", "{E3186D9F-A8C1-B4D2-00FD-67DCF0C53B1D}"
EndProject
Project("{FAE04EC0-301F-11D3-BF4B-00C04F79EFBC}") = "Unity.TextMeshPro", "Unity.TextMeshPro.Player.csproj", "{081852E6-8CE5-3E98-413B-83B2136E1E4E}"
EndProject
Project("{FAE04EC0-301F-11D3-BF4B-00C04F79EFBC}") = "Unity.Multiplayer.Center.Common", "Unity.Multiplayer.Center.Common.Player.csproj", "{EE705C02-81B3-0873-4E68-913167AEEB37}"
EndProject
Project("{FAE04EC0-301F-11D3-BF4B-00C04F79EFBC}") = "Unity.InputSystem.ForUI", "Unity.InputSystem.ForUI.Player.csproj", "{C9320D7E-2E3B-D71C-D89F-51E2B35A12D7}"
EndProject
Project("{FAE04EC0-301F-11D3-BF4B-00C04F79EFBC}") = "Unity.InputSystem.TestFramework", "Unity.InputSystem.TestFramework.Player.csproj", "{8B356997-85ED-03B3-FDE0-6DEB986C6AAF}"
EndProject
Global
	GlobalSection(SolutionConfigurationPlatforms) = preSolution
		Debug|Any CPU = Debug|Any CPU
		Release|Any CPU = Release|Any CPU
	EndGlobalSection
	GlobalSection(ProjectConfigurationPlatforms) = postSolution
		{9360715A-9953-B099-D3D9-4270E2E46A04}.Debug|Any CPU.ActiveCfg = Debug|Any CPU
		{9360715A-9953-B099-D3D9-4270E2E46A04}.Debug|Any CPU.Build.0 = Debug|Any CPU
		{9360715A-9953-B099-D3D9-4270E2E46A04}.Release|Any CPU.ActiveCfg = Release|Any CPU
		{9360715A-9953-B099-D3D9-4270E2E46A04}.Release|Any CPU.Build.0 = Release|Any CPU
		{888EFA30-4678-16D8-EA8A-11CAB8F51524}.Debug|Any CPU.ActiveCfg = Debug|Any CPU
		{888EFA30-4678-16D8-EA8A-11CAB8F51524}.Debug|Any CPU.Build.0 = Debug|Any CPU
		{888EFA30-4678-16D8-EA8A-11CAB8F51524}.Release|Any CPU.ActiveCfg = Release|Any CPU
		{888EFA30-4678-16D8-EA8A-11CAB8F51524}.Release|Any CPU.Build.0 = Release|Any CPU
		{5085CA6D-F322-89E3-0CE9-6E233C1C2664}.Debug|Any CPU.ActiveCfg = Debug|Any CPU
		{5085CA6D-F322-89E3-0CE9-6E233C1C2664}.Debug|Any CPU.Build.0 = Debug|Any CPU
		{5085CA6D-F322-89E3-0CE9-6E233C1C2664}.Release|Any CPU.ActiveCfg = Release|Any CPU
		{5085CA6D-F322-89E3-0CE9-6E233C1C2664}.Release|Any CPU.Build.0 = Release|Any CPU
		{CC891A20-92B7-ADDC-4CE7-74795ED885FB}.Debug|Any CPU.ActiveCfg = Debug|Any CPU
		{CC891A20-92B7-ADDC-4CE7-74795ED885FB}.Debug|Any CPU.Build.0 = Debug|Any CPU
		{CC891A20-92B7-ADDC-4CE7-74795ED885FB}.Release|Any CPU.ActiveCfg = Release|Any CPU
		{CC891A20-92B7-ADDC-4CE7-74795ED885FB}.Release|Any CPU.Build.0 = Release|Any CPU
		{3D7DC855-C0C3-E1F9-FEEB-F6C553DB96BC}.Debug|Any CPU.ActiveCfg = Debug|Any CPU
		{3D7DC855-C0C3-E1F9-FEEB-F6C553DB96BC}.Debug|Any CPU.Build.0 = Debug|Any CPU
		{3D7DC855-C0C3-E1F9-FEEB-F6C553DB96BC}.Release|Any CPU.ActiveCfg = Release|Any CPU
		{3D7DC855-C0C3-E1F9-FEEB-F6C553DB96BC}.Release|Any CPU.Build.0 = Release|Any CPU
		{1539888D-25CA-ADEE-D225-F23E47834AC3}.Debug|Any CPU.ActiveCfg = Debug|Any CPU
		{1539888D-25CA-ADEE-D225-F23E47834AC3}.Debug|Any CPU.Build.0 = Debug|Any CPU
		{1539888D-25CA-ADEE-D225-F23E47834AC3}.Release|Any CPU.ActiveCfg = Release|Any CPU
		{1539888D-25CA-ADEE-D225-F23E47834AC3}.Release|Any CPU.Build.0 = Release|Any CPU
		{3951772F-6BD9-0738-B6E8-3CDDD83A2C2A}.Debug|Any CPU.ActiveCfg = Debug|Any CPU
		{3951772F-6BD9-0738-B6E8-3CDDD83A2C2A}.Debug|Any CPU.Build.0 = Debug|Any CPU
		{3951772F-6BD9-0738-B6E8-3CDDD83A2C2A}.Release|Any CPU.ActiveCfg = Release|Any CPU
		{3951772F-6BD9-0738-B6E8-3CDDD83A2C2A}.Release|Any CPU.Build.0 = Release|Any CPU
		{1C581A2D-7801-E387-F8F4-3469CF0204FC}.Debug|Any CPU.ActiveCfg = Debug|Any CPU
		{1C581A2D-7801-E387-F8F4-3469CF0204FC}.Debug|Any CPU.Build.0 = Debug|Any CPU
		{1C581A2D-7801-E387-F8F4-3469CF0204FC}.Release|Any CPU.ActiveCfg = Release|Any CPU
		{1C581A2D-7801-E387-F8F4-3469CF0204FC}.Release|Any CPU.Build.0 = Release|Any CPU
		{0CDA9E81-A340-5175-AB76-743247A181D5}.Debug|Any CPU.ActiveCfg = Debug|Any CPU
		{0CDA9E81-A340-5175-AB76-743247A181D5}.Debug|Any CPU.Build.0 = Debug|Any CPU
		{0CDA9E81-A340-5175-AB76-743247A181D5}.Release|Any CPU.ActiveCfg = Release|Any CPU
		{0CDA9E81-A340-5175-AB76-743247A181D5}.Release|Any CPU.Build.0 = Release|Any CPU
		{BBD795EB-47F7-61B6-CA89-2A540BC214DA}.Debug|Any CPU.ActiveCfg = Debug|Any CPU
		{BBD795EB-47F7-61B6-CA89-2A540BC214DA}.Debug|Any CPU.Build.0 = Debug|Any CPU
		{BBD795EB-47F7-61B6-CA89-2A540BC214DA}.Release|Any CPU.ActiveCfg = Release|Any CPU
		{BBD795EB-47F7-61B6-CA89-2A540BC214DA}.Release|Any CPU.Build.0 = Release|Any CPU
		{A08FDDD5-0DFF-33FA-506B-66E3876C1BA1}.Debug|Any CPU.ActiveCfg = Debug|Any CPU
		{A08FDDD5-0DFF-33FA-506B-66E3876C1BA1}.Debug|Any CPU.Build.0 = Debug|Any CPU
		{A08FDDD5-0DFF-33FA-506B-66E3876C1BA1}.Release|Any CPU.ActiveCfg = Release|Any CPU
		{A08FDDD5-0DFF-33FA-506B-66E3876C1BA1}.Release|Any CPU.Build.0 = Release|Any CPU
		{79D4B177-B59F-4FB9-38D8-B61C56A697CE}.Debug|Any CPU.ActiveCfg = Debug|Any CPU
		{79D4B177-B59F-4FB9-38D8-B61C56A697CE}.Debug|Any CPU.Build.0 = Debug|Any CPU
		{79D4B177-B59F-4FB9-38D8-B61C56A697CE}.Release|Any CPU.ActiveCfg = Release|Any CPU
		{79D4B177-B59F-4FB9-38D8-B61C56A697CE}.Release|Any CPU.Build.0 = Release|Any CPU
		{E88F647D-2FC7-FDA7-4433-0B6B6615B3F4}.Debug|Any CPU.ActiveCfg = Debug|Any CPU
		{E88F647D-2FC7-FDA7-4433-0B6B6615B3F4}.Debug|Any CPU.Build.0 = Debug|Any CPU
		{E88F647D-2FC7-FDA7-4433-0B6B6615B3F4}.Release|Any CPU.ActiveCfg = Release|Any CPU
		{E88F647D-2FC7-FDA7-4433-0B6B6615B3F4}.Release|Any CPU.Build.0 = Release|Any CPU
		{6FBF8275-1F93-0BE5-EF48-2184CE5752ED}.Debug|Any CPU.ActiveCfg = Debug|Any CPU
		{6FBF8275-1F93-0BE5-EF48-2184CE5752ED}.Debug|Any CPU.Build.0 = Debug|Any CPU
		{6FBF8275-1F93-0BE5-EF48-2184CE5752ED}.Release|Any CPU.ActiveCfg = Release|Any CPU
		{6FBF8275-1F93-0BE5-EF48-2184CE5752ED}.Release|Any CPU.Build.0 = Release|Any CPU
		{47897653-4654-E5D9-7C58-39163904484C}.Debug|Any CPU.ActiveCfg = Debug|Any CPU
		{47897653-4654-E5D9-7C58-39163904484C}.Debug|Any CPU.Build.0 = Debug|Any CPU
		{47897653-4654-E5D9-7C58-39163904484C}.Release|Any CPU.ActiveCfg = Release|Any CPU
		{47897653-4654-E5D9-7C58-39163904484C}.Release|Any CPU.Build.0 = Release|Any CPU
		{D3F3E581-3DA4-5E38-D156-510228450175}.Debug|Any CPU.ActiveCfg = Debug|Any CPU
		{D3F3E581-3DA4-5E38-D156-510228450175}.Debug|Any CPU.Build.0 = Debug|Any CPU
		{D3F3E581-3DA4-5E38-D156-510228450175}.Release|Any CPU.ActiveCfg = Release|Any CPU
		{D3F3E581-3DA4-5E38-D156-510228450175}.Release|Any CPU.Build.0 = Release|Any CPU
		{0AB39ACD-2EE6-E15C-4D2B-642E1651D37D}.Debug|Any CPU.ActiveCfg = Debug|Any CPU
		{0AB39ACD-2EE6-E15C-4D2B-642E1651D37D}.Debug|Any CPU.Build.0 = Debug|Any CPU
		{0AB39ACD-2EE6-E15C-4D2B-642E1651D37D}.Release|Any CPU.ActiveCfg = Release|Any CPU
		{0AB39ACD-2EE6-E15C-4D2B-642E1651D37D}.Release|Any CPU.Build.0 = Release|Any CPU
		{E35033D9-6692-8052-D8EF-0209E3706AB9}.Debug|Any CPU.ActiveCfg = Debug|Any CPU
		{E35033D9-6692-8052-D8EF-0209E3706AB9}.Debug|Any CPU.Build.0 = Debug|Any CPU
		{E35033D9-6692-8052-D8EF-0209E3706AB9}.Release|Any CPU.ActiveCfg = Release|Any CPU
		{E35033D9-6692-8052-D8EF-0209E3706AB9}.Release|Any CPU.Build.0 = Release|Any CPU
		{DFE478BC-52EE-6051-8037-8EF89CC6C1C1}.Debug|Any CPU.ActiveCfg = Debug|Any CPU
		{DFE478BC-52EE-6051-8037-8EF89CC6C1C1}.Debug|Any CPU.Build.0 = Debug|Any CPU
		{DFE478BC-52EE-6051-8037-8EF89CC6C1C1}.Release|Any CPU.ActiveCfg = Release|Any CPU
		{DFE478BC-52EE-6051-8037-8EF89CC6C1C1}.Release|Any CPU.Build.0 = Release|Any CPU
		{24C54AF0-A3EE-8CA3-0BAC-6078AE7D9B8D}.Debug|Any CPU.ActiveCfg = Debug|Any CPU
		{24C54AF0-A3EE-8CA3-0BAC-6078AE7D9B8D}.Debug|Any CPU.Build.0 = Debug|Any CPU
		{24C54AF0-A3EE-8CA3-0BAC-6078AE7D9B8D}.Release|Any CPU.ActiveCfg = Release|Any CPU
		{24C54AF0-A3EE-8CA3-0BAC-6078AE7D9B8D}.Release|Any CPU.Build.0 = Release|Any CPU
		{32F00A04-5780-2957-8AC9-36DF41682A05}.Debug|Any CPU.ActiveCfg = Debug|Any CPU
		{32F00A04-5780-2957-8AC9-36DF41682A05}.Debug|Any CPU.Build.0 = Debug|Any CPU
		{32F00A04-5780-2957-8AC9-36DF41682A05}.Release|Any CPU.ActiveCfg = Release|Any CPU
		{32F00A04-5780-2957-8AC9-36DF41682A05}.Release|Any CPU.Build.0 = Release|Any CPU
		{87E15F9C-1FF6-46F6-000F-EBC082A52568}.Debug|Any CPU.ActiveCfg = Debug|Any CPU
		{87E15F9C-1FF6-46F6-000F-EBC082A52568}.Debug|Any CPU.Build.0 = Debug|Any CPU
		{87E15F9C-1FF6-46F6-000F-EBC082A52568}.Release|Any CPU.ActiveCfg = Release|Any CPU
		{87E15F9C-1FF6-46F6-000F-EBC082A52568}.Release|Any CPU.Build.0 = Release|Any CPU
		{7384E9CC-1B2A-0A29-52FC-B475CC978456}.Debug|Any CPU.ActiveCfg = Debug|Any CPU
		{7384E9CC-1B2A-0A29-52FC-B475CC978456}.Debug|Any CPU.Build.0 = Debug|Any CPU
		{7384E9CC-1B2A-0A29-52FC-B475CC978456}.Release|Any CPU.ActiveCfg = Release|Any CPU
		{7384E9CC-1B2A-0A29-52FC-B475CC978456}.Release|Any CPU.Build.0 = Release|Any CPU
		{219B7232-22CD-B83B-DF93-B46FD8331FB3}.Debug|Any CPU.ActiveCfg = Debug|Any CPU
		{219B7232-22CD-B83B-DF93-B46FD8331FB3}.Debug|Any CPU.Build.0 = Debug|Any CPU
		{219B7232-22CD-B83B-DF93-B46FD8331FB3}.Release|Any CPU.ActiveCfg = Release|Any CPU
		{219B7232-22CD-B83B-DF93-B46FD8331FB3}.Release|Any CPU.Build.0 = Release|Any CPU
		{C17FC652-207E-844E-5E79-757C30B3BA5F}.Debug|Any CPU.ActiveCfg = Debug|Any CPU
		{C17FC652-207E-844E-5E79-757C30B3BA5F}.Debug|Any CPU.Build.0 = Debug|Any CPU
		{C17FC652-207E-844E-5E79-757C30B3BA5F}.Release|Any CPU.ActiveCfg = Release|Any CPU
		{C17FC652-207E-844E-5E79-757C30B3BA5F}.Release|Any CPU.Build.0 = Release|Any CPU
		{B61396E0-0D6A-2E80-CA75-B82915315D9A}.Debug|Any CPU.ActiveCfg = Debug|Any CPU
		{B61396E0-0D6A-2E80-CA75-B82915315D9A}.Debug|Any CPU.Build.0 = Debug|Any CPU
		{B61396E0-0D6A-2E80-CA75-B82915315D9A}.Release|Any CPU.ActiveCfg = Release|Any CPU
		{B61396E0-0D6A-2E80-CA75-B82915315D9A}.Release|Any CPU.Build.0 = Release|Any CPU
		{4EC3605E-715F-88CE-815C-F9F38ED08D4A}.Debug|Any CPU.ActiveCfg = Debug|Any CPU
		{4EC3605E-715F-88CE-815C-F9F38ED08D4A}.Debug|Any CPU.Build.0 = Debug|Any CPU
		{4EC3605E-715F-88CE-815C-F9F38ED08D4A}.Release|Any CPU.ActiveCfg = Release|Any CPU
		{4EC3605E-715F-88CE-815C-F9F38ED08D4A}.Release|Any CPU.Build.0 = Release|Any CPU
		{6F368996-A693-379D-18A1-55BA88391F00}.Debug|Any CPU.ActiveCfg = Debug|Any CPU
		{6F368996-A693-379D-18A1-55BA88391F00}.Debug|Any CPU.Build.0 = Debug|Any CPU
		{6F368996-A693-379D-18A1-55BA88391F00}.Release|Any CPU.ActiveCfg = Release|Any CPU
		{6F368996-A693-379D-18A1-55BA88391F00}.Release|Any CPU.Build.0 = Release|Any CPU
		{DBD22F86-146D-8FAD-45B9-4FEB2365A784}.Debug|Any CPU.ActiveCfg = Debug|Any CPU
		{DBD22F86-146D-8FAD-45B9-4FEB2365A784}.Debug|Any CPU.Build.0 = Debug|Any CPU
		{DBD22F86-146D-8FAD-45B9-4FEB2365A784}.Release|Any CPU.ActiveCfg = Release|Any CPU
		{DBD22F86-146D-8FAD-45B9-4FEB2365A784}.Release|Any CPU.Build.0 = Release|Any CPU
		{45AE2FD0-051D-CBC8-8308-4556382FBCA2}.Debug|Any CPU.ActiveCfg = Debug|Any CPU
		{45AE2FD0-051D-CBC8-8308-4556382FBCA2}.Debug|Any CPU.Build.0 = Debug|Any CPU
		{45AE2FD0-051D-CBC8-8308-4556382FBCA2}.Release|Any CPU.ActiveCfg = Release|Any CPU
		{45AE2FD0-051D-CBC8-8308-4556382FBCA2}.Release|Any CPU.Build.0 = Release|Any CPU
		{8B9931E2-561F-60BD-C686-DFBC690607ED}.Debug|Any CPU.ActiveCfg = Debug|Any CPU
		{8B9931E2-561F-60BD-C686-DFBC690607ED}.Debug|Any CPU.Build.0 = Debug|Any CPU
		{8B9931E2-561F-60BD-C686-DFBC690607ED}.Release|Any CPU.ActiveCfg = Release|Any CPU
		{8B9931E2-561F-60BD-C686-DFBC690607ED}.Release|Any CPU.Build.0 = Release|Any CPU
		{56B3FE9C-AC06-EF0C-77DB-AA64D5454E03}.Debug|Any CPU.ActiveCfg = Debug|Any CPU
		{56B3FE9C-AC06-EF0C-77DB-AA64D5454E03}.Debug|Any CPU.Build.0 = Debug|Any CPU
		{56B3FE9C-AC06-EF0C-77DB-AA64D5454E03}.Release|Any CPU.ActiveCfg = Release|Any CPU
		{56B3FE9C-AC06-EF0C-77DB-AA64D5454E03}.Release|Any CPU.Build.0 = Release|Any CPU
		{89D84827-F69C-F546-DFEB-86F5B78C199B}.Debug|Any CPU.ActiveCfg = Debug|Any CPU
		{89D84827-F69C-F546-DFEB-86F5B78C199B}.Debug|Any CPU.Build.0 = Debug|Any CPU
		{89D84827-F69C-F546-DFEB-86F5B78C199B}.Release|Any CPU.ActiveCfg = Release|Any CPU
		{89D84827-F69C-F546-DFEB-86F5B78C199B}.Release|Any CPU.Build.0 = Release|Any CPU
		{950AAA05-8E14-C28D-4B90-8D49659BC1C1}.Debug|Any CPU.ActiveCfg = Debug|Any CPU
		{950AAA05-8E14-C28D-4B90-8D49659BC1C1}.Debug|Any CPU.Build.0 = Debug|Any CPU
		{950AAA05-8E14-C28D-4B90-8D49659BC1C1}.Release|Any CPU.ActiveCfg = Release|Any CPU
		{950AAA05-8E14-C28D-4B90-8D49659BC1C1}.Release|Any CPU.Build.0 = Release|Any CPU
		{D06EE09F-6942-83A5-AAF1-0FC4615EE01D}.Debug|Any CPU.ActiveCfg = Debug|Any CPU
		{D06EE09F-6942-83A5-AAF1-0FC4615EE01D}.Debug|Any CPU.Build.0 = Debug|Any CPU
		{D06EE09F-6942-83A5-AAF1-0FC4615EE01D}.Release|Any CPU.ActiveCfg = Release|Any CPU
		{D06EE09F-6942-83A5-AAF1-0FC4615EE01D}.Release|Any CPU.Build.0 = Release|Any CPU
		{90E7389B-5CA2-7A37-91CE-1939978438A9}.Debug|Any CPU.ActiveCfg = Debug|Any CPU
		{90E7389B-5CA2-7A37-91CE-1939978438A9}.Debug|Any CPU.Build.0 = Debug|Any CPU
		{90E7389B-5CA2-7A37-91CE-1939978438A9}.Release|Any CPU.ActiveCfg = Release|Any CPU
		{90E7389B-5CA2-7A37-91CE-1939978438A9}.Release|Any CPU.Build.0 = Release|Any CPU
		{9B4DA6FB-B926-D9CD-DC61-8C4CE5C4EF50}.Debug|Any CPU.ActiveCfg = Debug|Any CPU
		{9B4DA6FB-B926-D9CD-DC61-8C4CE5C4EF50}.Debug|Any CPU.Build.0 = Debug|Any CPU
		{9B4DA6FB-B926-D9CD-DC61-8C4CE5C4EF50}.Release|Any CPU.ActiveCfg = Release|Any CPU
		{9B4DA6FB-B926-D9CD-DC61-8C4CE5C4EF50}.Release|Any CPU.Build.0 = Release|Any CPU
		{958654D6-6AE4-62F5-27FD-D1D40F6ED44D}.Debug|Any CPU.ActiveCfg = Debug|Any CPU
		{958654D6-6AE4-62F5-27FD-D1D40F6ED44D}.Debug|Any CPU.Build.0 = Debug|Any CPU
		{958654D6-6AE4-62F5-27FD-D1D40F6ED44D}.Release|Any CPU.ActiveCfg = Release|Any CPU
		{958654D6-6AE4-62F5-27FD-D1D40F6ED44D}.Release|Any CPU.Build.0 = Release|Any CPU
		{6B4FB0A8-C114-FC81-0F2F-754AF15947D4}.Debug|Any CPU.ActiveCfg = Debug|Any CPU
		{6B4FB0A8-C114-FC81-0F2F-754AF15947D4}.Debug|Any CPU.Build.0 = Debug|Any CPU
		{6B4FB0A8-C114-FC81-0F2F-754AF15947D4}.Release|Any CPU.ActiveCfg = Release|Any CPU
		{6B4FB0A8-C114-FC81-0F2F-754AF15947D4}.Release|Any CPU.Build.0 = Release|Any CPU
		{A0510E19-3EF1-95BF-2C24-6E77826833EF}.Debug|Any CPU.ActiveCfg = Debug|Any CPU
		{A0510E19-3EF1-95BF-2C24-6E77826833EF}.Debug|Any CPU.Build.0 = Debug|Any CPU
		{A0510E19-3EF1-95BF-2C24-6E77826833EF}.Release|Any CPU.ActiveCfg = Release|Any CPU
		{A0510E19-3EF1-95BF-2C24-6E77826833EF}.Release|Any CPU.Build.0 = Release|Any CPU
		{33394CA4-7EB9-B1BD-40F4-28B4F8FE687F}.Debug|Any CPU.ActiveCfg = Debug|Any CPU
		{33394CA4-7EB9-B1BD-40F4-28B4F8FE687F}.Debug|Any CPU.Build.0 = Debug|Any CPU
		{33394CA4-7EB9-B1BD-40F4-28B4F8FE687F}.Release|Any CPU.ActiveCfg = Release|Any CPU
		{33394CA4-7EB9-B1BD-40F4-28B4F8FE687F}.Release|Any CPU.Build.0 = Release|Any CPU
		{E854E44C-6F21-189B-035A-4E9CDE6356A0}.Debug|Any CPU.ActiveCfg = Debug|Any CPU
		{E854E44C-6F21-189B-035A-4E9CDE6356A0}.Debug|Any CPU.Build.0 = Debug|Any CPU
		{E854E44C-6F21-189B-035A-4E9CDE6356A0}.Release|Any CPU.ActiveCfg = Release|Any CPU
		{E854E44C-6F21-189B-035A-4E9CDE6356A0}.Release|Any CPU.Build.0 = Release|Any CPU
		{39129215-990B-8C59-E7C7-C55BDE8A38D9}.Debug|Any CPU.ActiveCfg = Debug|Any CPU
		{39129215-990B-8C59-E7C7-C55BDE8A38D9}.Debug|Any CPU.Build.0 = Debug|Any CPU
		{39129215-990B-8C59-E7C7-C55BDE8A38D9}.Release|Any CPU.ActiveCfg = Release|Any CPU
		{39129215-990B-8C59-E7C7-C55BDE8A38D9}.Release|Any CPU.Build.0 = Release|Any CPU
		{E3186D9F-A8C1-B4D2-00FD-67DCF0C53B1D}.Debug|Any CPU.ActiveCfg = Debug|Any CPU
		{E3186D9F-A8C1-B4D2-00FD-67DCF0C53B1D}.Debug|Any CPU.Build.0 = Debug|Any CPU
		{E3186D9F-A8C1-B4D2-00FD-67DCF0C53B1D}.Release|Any CPU.ActiveCfg = Release|Any CPU
		{E3186D9F-A8C1-B4D2-00FD-67DCF0C53B1D}.Release|Any CPU.Build.0 = Release|Any CPU
		{081852E6-8CE5-3E98-413B-83B2136E1E4E}.Debug|Any CPU.ActiveCfg = Debug|Any CPU
		{081852E6-8CE5-3E98-413B-83B2136E1E4E}.Debug|Any CPU.Build.0 = Debug|Any CPU
		{081852E6-8CE5-3E98-413B-83B2136E1E4E}.Release|Any CPU.ActiveCfg = Release|Any CPU
		{081852E6-8CE5-3E98-413B-83B2136E1E4E}.Release|Any CPU.Build.0 = Release|Any CPU
		{EE705C02-81B3-0873-4E68-913167AEEB37}.Debug|Any CPU.ActiveCfg = Debug|Any CPU
		{EE705C02-81B3-0873-4E68-913167AEEB37}.Debug|Any CPU.Build.0 = Debug|Any CPU
		{EE705C02-81B3-0873-4E68-913167AEEB37}.Release|Any CPU.ActiveCfg = Release|Any CPU
		{EE705C02-81B3-0873-4E68-913167AEEB37}.Release|Any CPU.Build.0 = Release|Any CPU
		{C9320D7E-2E3B-D71C-D89F-51E2B35A12D7}.Debug|Any CPU.ActiveCfg = Debug|Any CPU
		{C9320D7E-2E3B-D71C-D89F-51E2B35A12D7}.Debug|Any CPU.Build.0 = Debug|Any CPU
		{C9320D7E-2E3B-D71C-D89F-51E2B35A12D7}.Release|Any CPU.ActiveCfg = Release|Any CPU
		{C9320D7E-2E3B-D71C-D89F-51E2B35A12D7}.Release|Any CPU.Build.0 = Release|Any CPU
		{8B356997-85ED-03B3-FDE0-6DEB986C6AAF}.Debug|Any CPU.ActiveCfg = Debug|Any CPU
		{8B356997-85ED-03B3-FDE0-6DEB986C6AAF}.Debug|Any CPU.Build.0 = Debug|Any CPU
		{8B356997-85ED-03B3-FDE0-6DEB986C6AAF}.Release|Any CPU.ActiveCfg = Release|Any CPU
		{8B356997-85ED-03B3-FDE0-6DEB986C6AAF}.Release|Any CPU.Build.0 = Release|Any CPU
	EndGlobalSection
	GlobalSection(SolutionProperties) = preSolution
		HideSolutionNode = FALSE
	EndGlobalSection
EndGlobal
